{
  "name": "warp10-sandbox",
  "version": "1.0.0",
  "lockfileVersion": 2,
  "requires": true,
  "packages": {
    "": {
      "name": "warp10-sandbox",
      "version": "1.0.0",
      "license": "MIT",
      "dependencies": {
        "@senx/warp10": "^1.1.2"
      },
      "devDependencies": {
        "@types/node": "^18.7.20",
        "typescript": "^4.8.3"
      }
    },
    "node_modules/@senx/warp10": {
      "version": "1.1.2",
      "resolved": "https://registry.npmjs.org/@senx/warp10/-/warp10-1.1.2.tgz",
      "integrity": "sha512-7ooeoNwbqAeaq+dxgQwM9PvEsFsC0VEfnKxTt634Q7287wf3J2ErtbFtW+BmivuOL1AyDR5rBfHz4MhvX2I04Q==",
      "dependencies": {
        "dayjs": "^1.10.5"
      }
    },
    "node_modules/@types/node": {
      "version": "18.7.20",
      "resolved": "https://registry.npmjs.org/@types/node/-/node-18.7.20.tgz",
      "integrity": "sha512-adzY4vLLr5Uivmx8+zfSJ5fbdgKxX8UMtjtl+17n0B1q1Nz8JEmE151vefMdpD+1gyh+77weN4qEhej/O7budQ==",
      "dev": true
    },
    "node_modules/dayjs": {
      "version": "1.11.5",
      "resolved": "https://registry.npmjs.org/dayjs/-/dayjs-1.11.5.tgz",
      "integrity": "sha512-CAdX5Q3YW3Gclyo5Vpqkgpj8fSdLQcRuzfX6mC6Phy0nfJ0eGYOeS7m4mt2plDWLAtA4TqTakvbboHvUxfe4iA=="
    },
    "node_modules/typescript": {
      "version": "4.8.3",
      "resolved": "https://registry.npmjs.org/typescript/-/typescript-4.8.3.tgz",
      "integrity": "sha512-goMHfm00nWPa8UvR/CPSvykqf6dVV8x/dp0c5mFTMTIu0u0FlGWRioyy7Nn0PGAdHxpJZnuO/ut+PpQ8UiHAig==",
      "dev": true,
      "bin": {
        "tsc": "bin/tsc",
        "tsserver": "bin/tsserver"
      },
      "engines": {
        "node": ">=4.2.0"
      }
    }
  },
  "dependencies": {
    "@senx/warp10": {
      "version": "1.1.2",
      "resolved": "https://registry.npmjs.org/@senx/warp10/-/warp10-1.1.2.tgz",
      "integrity": "sha512-7ooeoNwbqAeaq+dxgQwM9PvEsFsC0VEfnKxTt634Q7287wf3J2ErtbFtW+BmivuOL1AyDR5rBfHz4MhvX2I04Q==",
      "requires": {
        "dayjs": "^1.10.5"
      }
    },
    "@types/node": {
      "version": "18.7.20",
      "resolved": "https://registry.npmjs.org/@types/node/-/node-18.7.20.tgz",
      "integrity": "sha512-adzY4vLLr5Uivmx8+zfSJ5fbdgKxX8UMtjtl+17n0B1q1Nz8JEmE151vefMdpD+1gyh+77weN4qEhej/O7budQ==",
      "dev": true
    },
    "dayjs": {
      "version": "1.11.5",
      "resolved": "https://registry.npmjs.org/dayjs/-/dayjs-1.11.5.tgz",
      "integrity": "sha512-CAdX5Q3YW3Gclyo5Vpqkgpj8fSdLQcRuzfX6mC6Phy0nfJ0eGYOeS7m4mt2plDWLAtA4TqTakvbboHvUxfe4iA=="
    },
    "typescript": {
      "version": "4.8.3",
      "resolved": "https://registry.npmjs.org/typescript/-/typescript-4.8.3.tgz",
      "integrity": "sha512-goMHfm00nWPa8UvR/CPSvykqf6dVV8x/dp0c5mFTMTIu0u0FlGWRioyy7Nn0PGAdHxpJZnuO/ut+PpQ8UiHAig==",
      "dev": true
    }
  }
}
